
Microsoft Visual Studio Solution File, Format Version 12.00
# Visual Studio Version 16
VisualStudioVersion = 16.0.32126.315
MinimumVisualStudioVersion = 10.0.40219.1
Project("{FAE04EC0-301F-11D3-BF4B-00C04F79EFBC}") = "IMDBRestService", "IMDBRestService\IMDBRestService.csproj", "{C5591963-B050-4F0B-885C-1FA7FB398025}"
EndProject
Global
	GlobalSection(SolutionConfigurationPlatforms) = preSolution
		Debug|Any CPU = Debug|Any CPU
		Release|Any CPU = Release|Any CPU
	EndGlobalSection
	GlobalSection(ProjectConfigurationPlatforms) = postSolution
		{C5591963-B050-4F0B-885C-1FA7FB398025}.Debug|Any CPU.ActiveCfg = Debug|Any CPU
		{C5591963-B050-4F0B-885C-1FA7FB398025}.Debug|Any CPU.Build.0 = Debug|Any CPU
		{C5591963-B050-4F0B-885C-1FA7FB398025}.Release|Any CPU.ActiveCfg = Release|Any CPU
		{C5591963-B050-4F0B-885C-1FA7FB398025}.Release|Any CPU.Build.0 = Release|Any CPU
	EndGlobalSection
	GlobalSection(SolutionProperties) = preSolution
		HideSolutionNode = FALSE
	EndGlobalSection
	GlobalSection(ExtensibilityGlobals) = postSolution
		SolutionGuid = {3B7EA4EE-4231-4894-9B6F-A9189E748411}
	EndGlobalSection
EndGlobal
